
Microsoft Visual Studio Solution File, Format Version 12.00
# Visual Studio Version 17
VisualStudioVersion = 17.5.002.0
MinimumVisualStudioVersion = 10.0.40219.1
Project("{9A19103F-16F7-4668-BE54-9A1E7A4F7556}") = "gerenciamentobiblioteca", "gerenciamentobiblioteca.csproj", "{9538886E-8337-44F3-8E10-11EB97BDA69D}"
EndProject
Global
	GlobalSection(SolutionConfigurationPlatforms) = preSolution
		Debug|Any CPU = Debug|Any CPU
		Release|Any CPU = Release|Any CPU
	EndGlobalSection
	GlobalSection(ProjectConfigurationPlatforms) = postSolution
		{9538886E-8337-44F3-8E10-11EB97BDA69D}.Debug|Any CPU.ActiveCfg = Debug|Any CPU
		{9538886E-8337-44F3-8E10-11EB97BDA69D}.Debug|Any CPU.Build.0 = Debug|Any CPU
		{9538886E-8337-44F3-8E10-11EB97BDA69D}.Release|Any CPU.ActiveCfg = Release|Any CPU
		{9538886E-8337-44F3-8E10-11EB97BDA69D}.Release|Any CPU.Build.0 = Release|Any CPU
	EndGlobalSection
	GlobalSection(SolutionProperties) = preSolution
		HideSolutionNode = FALSE
	EndGlobalSection
	GlobalSection(ExtensibilityGlobals) = postSolution
		SolutionGuid = {FE171570-8175-4527-8139-47707C8B3C42}
	EndGlobalSection
EndGlobal
